
Microsoft Visual Studio Solution File, Format Version 12.00
# Visual Studio Version 17
VisualStudioVersion = 17.7.34024.191
MinimumVisualStudioVersion = 10.0.40219.1
Project("{FAE04EC0-301F-11D3-BF4B-00C04F79EFBC}") = "Prototype_Game Interaction", "Prototype_Game Interaction\Prototype_Game Interaction.csproj", "{D601CE10-DE98-4888-B107-21F99406C3F2}"
EndProject
Global
	GlobalSection(SolutionConfigurationPlatforms) = preSolution
		Debug|Any CPU = Debug|Any CPU
		Release|Any CPU = Release|Any CPU
	EndGlobalSection
	GlobalSection(ProjectConfigurationPlatforms) = postSolution
		{D601CE10-DE98-4888-B107-21F99406C3F2}.Debug|Any CPU.ActiveCfg = Debug|Any CPU
		{D601CE10-DE98-4888-B107-21F99406C3F2}.Debug|Any CPU.Build.0 = Debug|Any CPU
		{D601CE10-DE98-4888-B107-21F99406C3F2}.Release|Any CPU.ActiveCfg = Release|Any CPU
		{D601CE10-DE98-4888-B107-21F99406C3F2}.Release|Any CPU.Build.0 = Release|Any CPU
	EndGlobalSection
	GlobalSection(SolutionProperties) = preSolution
		HideSolutionNode = FALSE
	EndGlobalSection
	GlobalSection(ExtensibilityGlobals) = postSolution
		SolutionGuid = {E6E9658A-3D26-40CA-83DA-5FD6056070FC}
	EndGlobalSection
EndGlobal
